Microsoft Visual Studio Solution File, Format Version 12.00
# Visual Studio Version 17
VisualStudioVersion = 17.5.2.0
MinimumVisualStudioVersion = 10.0.40219.1
Project("{FAE04EC0-301F-11D3-BF4B-00C04F79EFBC}") = "Ambev.DeveloperEvaluation.WebApi", "Ambev.DeveloperEvaluation.WebApi.csproj", "{395959F4-1305-18A2-A8B9-906727EF0D5A}"
EndProject
Global
	GlobalSection(SolutionConfigurationPlatforms) = preSolution
		Debug|Any CPU = Debug|Any CPU
		Release|Any CPU = Release|Any CPU
	EndGlobalSection
	GlobalSection(ProjectConfigurationPlatforms) = postSolution
		{395959F4-1305-18A2-A8B9-906727EF0D5A}.Debug|Any CPU.ActiveCfg = Debug|Any CPU
		{395959F4-1305-18A2-A8B9-906727EF0D5A}.Debug|Any CPU.Build.0 = Debug|Any CPU
		{395959F4-1305-18A2-A8B9-906727EF0D5A}.Release|Any CPU.ActiveCfg = Release|Any CPU
		{395959F4-1305-18A2-A8B9-906727EF0D5A}.Release|Any CPU.Build.0 = Release|Any CPU
	EndGlobalSection
	GlobalSection(SolutionProperties) = preSolution
		HideSolutionNode = FALSE
	EndGlobalSection
	GlobalSection(ExtensibilityGlobals) = postSolution
		SolutionGuid = {0BF7B8F9-EDFB-4D0D-8D1B-B448B9442612}
	EndGlobalSection
EndGlobal
